// !$*UTF8*$!
{
	archiveVersion = 1;
	classes = {
	};
	objectVersion = 50;
	objects = {

/* Begin PBXBuildFile section */
		AC172FF8233E17FB00F9CB03 /* AppDelegate.swift in Sources */ = {isa = PBXBuildFile; fileRef = AC172FF7233E17FB00F9CB03 /* AppDelegate.swift */; };
		AC172FFA233E17FB00F9CB03 /* SceneDelegate.swift in Sources */ = {isa = PBXBuildFile; fileRef = AC172FF9233E17FB00F9CB03 /* SceneDelegate.swift */; };
		AC172FFC233E17FB00F9CB03 /* ViewController.swift in Sources */ = {isa = PBXBuildFile; fileRef = AC172FFB233E17FB00F9CB03 /* ViewController.swift */; };
		AC172FFF233E17FB00F9CB03 /* Main.storyboard in Resources */ = {isa = PBXBuildFile; fileRef = AC172FFD233E17FB00F9CB03 /* Main.storyboard */; };
		AC173001233E17FC00F9CB03 /* Assets.xcassets in Resources */ = {isa = PBXBuildFile; fileRef = AC173000233E17FC00F9CB03 /* Assets.xcassets */; };
		AC173004233E17FC00F9CB03 /* LaunchScreen.storyboard in Resources */ = {isa = PBXBuildFile; fileRef = AC173002233E17FC00F9CB03 /* LaunchScreen.storyboard */; };
/* End PBXBuildFile section */

/* Begin PBXFileReference section */
		AC172FF4233E17FA00F9CB03 /* travelataApp.app */ = {isa = PBXFileReference; explicitFileType = wrapper.application; includeInIndex = 0; path = travelataApp.app; sourceTree = BUILT_PRODUCTS_DIR; };
		AC172FF7233E17FB00F9CB03 /* AppDelegate.swift */ = {isa = PBXFileReference; lastKnownFileType = sourcecode.swift; path = AppDelegate.swift; sourceTree = "<group>"; };
		AC172FF9233E17FB00F9CB03 /* SceneDelegate.swift */ = {isa = PBXFileReference; lastKnownFileType = sourcecode.swift; path = SceneDelegate.swift; sourceTree = "<group>"; };
		AC172FFB233E17FB00F9CB03 /* ViewController.swift */ = {isa = PBXFileReference; lastKnownFileType = sourcecode.swift; path = ViewController.swift; sourceTree = "<group>"; };
		AC172FFE233E17FB00F9CB03 /* Base */ = {isa = PBXFileReference; lastKnownFileType = file.storyboard; name = Base; path = Base.lproj/Main.storyboard; sourceTree = "<group>"; };
		AC173000233E17FC00F9CB03 /* Assets.xcassets */ = {isa = PBXFileReference; lastKnownFileType = folder.assetcatalog; path = Assets.xcassets; sourceTree = "<group>"; };
		AC173003233E17FC00F9CB03 /* Base */ = {isa = PBXFileReference; lastKnownFileType = file.storyboard; name = Base; path = Base.lproj/LaunchScreen.storyboard; sourceTree = "<group>"; };
		AC173005233E17FC00F9CB03 /* Info.plist */ = {isa = PBXFileReference; lastKnownFileType = text.plist.xml; path = Info.plist; sourceTree = "<group>"; };
/* End PBXFileReference section */

/* Begin PBXFrameworksBuildPhase section */
		AC172FF1233E17FA00F9CB03 /* Frameworks */ = {
			isa = PBXFrameworksBuildPhase;
			buildActionMask = 2147483647;
			files = (
			);
			runOnlyForDeploymentPostprocessing = 0;
		};
/* End PBXFrameworksBuildPhase section */

/* Begin PBXGroup section */
		AC172FEB233E17FA00F9CB03 = {
			isa = PBXGroup;
			children = (
				AC172FF6233E17FA00F9CB03 /* travelataApp */,
				AC172FF5233E17FA00F9CB03 /* Products */,
			);
			sourceTree = "<group>";
		};
		AC172FF5233E17FA00F9CB03 /* Products */ = {
			isa = PBXGroup;
			children = (
				AC172FF4233E17FA00F9CB03 /* travelataApp.app */,
			);
			name = Products;
			sourceTree = "<group>";
		};
		AC172FF6233E17FA00F9CB03 /* travelataApp */ = {
			isa = PBXGroup;
			children = (
				AC172FF7233E17FB00F9CB03 /* AppDelegate.swift */,
				AC172FF9233E17FB00F9CB03 /* SceneDelegate.swift */,
				AC172FFB233E17FB00F9CB03 /* ViewController.swift */,
				AC172FFD233E17FB00F9CB03 /* Main.storyboard */,
				AC173000233E17FC00F9CB03 /* Assets.xcassets */,
				AC173002233E17FC00F9CB03 /* LaunchScreen.storyboard */,
				AC173005233E17FC00F9CB03 /* Info.plist */,
			);
			path = travelataApp;
			sourceTree = "<group>";
		};
/* End PBXGroup section */

/* Begin PBXNativeTarget section */
		AC172FF3233E17FA00F9CB03 /* travelataApp */ = {
			isa = PBXNativeTarget;
			buildConfigurationList = AC173008233E17FC00F9CB03 /* Build configuration list for PBXNativeTarget "travelataApp" */;
			buildPhases = (
				AC172FF0233E17FA00F9CB03 /* Sources */,
				AC172FF1233E17FA00F9CB03 /* Frameworks */,
				AC172FF2233E17FA00F9CB03 /* Resources */,
			);
			buildRules = (
			);
			dependencies = (
			);
			name = travelataApp;
			productName = travelataApp;
			productReference = AC172FF4233E17FA00F9CB03 /* travelataApp.app */;
			productType = "com.apple.product-type.application";
		};
/* End PBXNativeTarget section */

/* Begin PBXProject section */
		AC172FEC233E17FA00F9CB03 /* Project object */ = {
			isa = PBXProject;
			attributes = {
				LastSwiftUpdateCheck = 1100;
				LastUpgradeCheck = 1100;
				ORGANIZATIONNAME = "Artem Bobkov";
				TargetAttributes = {
					AC172FF3233E17FA00F9CB03 = {
						CreatedOnToolsVersion = 11.0;
					};
				};
			};
			buildConfigurationList = AC172FEF233E17FA00F9CB03 /* Build configuration list for PBXProject "travelataApp" */;
			compatibilityVersion = "Xcode 9.3";
			developmentRegion = en;
			hasScannedForEncodings = 0;
			knownRegions = (
				en,
				Base,
			);
			mainGroup = AC172FEB233E17FA00F9CB03;
			productRefGroup = AC172FF5233E17FA00F9CB03 /* Products */;
			projectDirPath = "";
			projectRoot = "";
			targets = (
				AC172FF3233E17FA00F9CB03 /* travelataApp */,
			);
		};
/* End PBXProject section */

/* Begin PBXResourcesBuildPhase section */
		AC172FF2233E17FA00F9CB03 /* Resources */ = {
			isa = PBXResourcesBuildPhase;
			buildActionMask = 2147483647;
			files = (
				AC173004233E17FC00F9CB03 /* LaunchScreen.storyboard in Resources */,
				AC173001233E17FC00F9CB03 /* Assets.xcassets in Resources */,
				AC172FFF233E17FB00F9CB03 /* Main.storyboard in Resources */,
			);
			runOnlyForDeploymentPostprocessing = 0;
		};
/* End PBXResourcesBuildPhase section */

/* Begin PBXSourcesBuildPhase section */
		AC172FF0233E17FA00F9CB03 /* Sources */ = {
			isa = PBXSourcesBuildPhase;
			buildActionMask = 2147483647;
			files = (
				AC172FFC233E17FB00F9CB03 /* ViewController.swift in Sources */,
				AC172FF8233E17FB00F9CB03 /* AppDelegate.swift in Sources */,
				AC172FFA233E17FB00F9CB03 /* SceneDelegate.swift in Sources */,
			);
			runOnlyForDeploymentPostprocessing = 0;
		};
/* End PBXSourcesBuildPhase section */

/* Begin PBXVariantGroup section */
		AC172FFD233E17FB00F9CB03 /* Main.storyboard */ = {
			isa = PBXVariantGroup;
			children = (
				AC172FFE233E17FB00F9CB03 /* Base */,
			);
			name = Main.storyboard;
			sourceTree = "<group>";
		};
		AC173002233E17FC00F9CB03 /* LaunchScreen.storyboard */ = {
			isa = PBXVariantGroup;
			children = (
				AC173003233E17FC00F9CB03 /* Base */,
			);
			name = LaunchScreen.storyboard;
			sourceTree = "<group>";
		};
/* End PBXVariantGroup section */

/* Begin XCBuildConfiguration section */
		AC173006233E17FC00F9CB03 /* Debug */ = {
			isa = XCBuildConfiguration;
			buildSettings = {
				ALWAYS_SEARCH_USER_PATHS = NO;
				CLANG_ANALYZER_NONNULL = YES;
				CLANG_ANALYZER_NUMBER_OBJECT_CONVERSION = YES_AGGRESSIVE;
				CLANG_CXX_LANGUAGE_STANDARD = "gnu++14";
				CLANG_CXX_LIBRARY = "libc++";
				CLANG_ENABLE_MODULES = YES;
				CLANG_ENABLE_OBJC_ARC = YES;
				CLANG_ENABLE_OBJC_WEAK = YES;
				CLANG_WARN_BLOCK_CAPTURE_AUTORELEASING = YES;
				CLANG_WARN_BOOL_CONVERSION = YES;
				CLANG_WARN_COMMA = YES;
				CLANG_WARN_CONSTANT_CONVERSION = YES;
				CLANG_WARN_DEPRECATED_OBJC_IMPLEMENTATIONS = YES;
				CLANG_WARN_DIRECT_OBJC_ISA_USAGE = YES_ERROR;
				CLANG_WARN_DOCUMENTATION_COMMENTS = YES;
				CLANG_WARN_EMPTY_BODY = YES;
				CLANG_WARN_ENUM_CONVERSION = YES;
				CLANG_WARN_INFINITE_RECURSION = YES;
				CLANG_WARN_INT_CONVERSION = YES;
				CLANG_WARN_NON_LITERAL_NULL_CONVERSION = YES;
				CLANG_WARN_OBJC_IMPLICIT_RETAIN_SELF = YES;
				CLANG_WARN_OBJC_LITERAL_CONVERSION = YES;
				CLANG_WARN_OBJC_ROOT_CLASS = YES_ERROR;
				CLANG_WARN_RANGE_LOOP_ANALYSIS = YES;
				CLANG_WARN_STRICT_PROTOTYPES = YES;
				CLANG_WARN_SUSPICIOUS_MOVE = YES;
				CLANG_WARN_UNGUARDED_AVAILABILITY = YES_AGGRESSIVE;
				CLANG_WARN_UNREACHABLE_CODE = YES;
				CLANG_WARN__DUPLICATE_METHOD_MATCH = YES;
				COPY_PHASE_STRIP = NO;
				DEBUG_INFORMATION_FORMAT = dwarf;
				ENABLE_STRICT_OBJC_MSGSEND = YES;
				ENABLE_TESTABILITY = YES;
				GCC_C_LANGUAGE_STANDARD = gnu11;
				GCC_DYNAMIC_NO_PIC = NO;
				GCC_NO_COMMON_BLOCKS = YES;
				GCC_OPTIMIZATION_LEVEL = 0;
				GCC_PREPROCESSOR_DEFINITIONS = (
					"DEBUG=1",
					"$(inherited)",
				);
				GCC_WARN_64_TO_32_BIT_CONVERSION = YES;
				GCC_WARN_ABOUT_RETURN_TYPE = YES_ERROR;
				GCC_WARN_UNDECLARED_SELECTOR = YES;
				GCC_WARN_UNINITIALIZED_AUTOS = YES_AGGRESSIVE;
				GCC_WARN_UNUSED_FUNCTION = YES;
				GCC_WARN_UNUSED_VARIABLE = YES;
				IPHONEOS_DEPLOYMENT_TARGET = 13.0;
				MTL_ENABLE_DEBUG_INFO = INCLUDE_SOURCE;
				MTL_FAST_MATH = YES;
				ONLY_ACTIVE_ARCH = YES;
				SDKROOT = iphoneos;
				SWIFT_ACTIVE_COMPILATION_CONDITIONS = DEBUG;
				SWIFT_OPTIMIZATION_LEVEL = "-Onone";
			};
			name = Debug;
		};
		AC173007233E17FC00F9CB03 /* Release */ = {
			isa = XCBuildConfiguration;
			buildSettings = {
				ALWAYS_SEARCH_USER_PATHS = NO;
				CLANG_ANALYZER_NONNULL = YES;
				CLANG_ANALYZER_NUMBER_OBJECT_CONVERSION = YES_AGGRESSIVE;
				CLANG_CXX_LANGUAGE_STANDARD = "gnu++14";
				CLANG_CXX_LIBRARY = "libc++";
				CLANG_ENABLE_MODULES = YES;
				CLANG_ENABLE_OBJC_ARC = YES;
				CLANG_ENABLE_OBJC_WEAK = YES;
				CLANG_WARN_BLOCK_CAPTURE_AUTORELEASING = YES;
				CLANG_WARN_BOOL_CONVERSION = YES;
				CLANG_WARN_COMMA = YES;
				CLANG_WARN_CONSTANT_CONVERSION = YES;
				CLANG_WARN_DEPRECATED_OBJC_IMPLEMENTATIONS = YES;
				CLANG_WARN_DIRECT_OBJC_ISA_USAGE = YES_ERROR;
				CLANG_WARN_DOCUMENTATION_COMMENTS = YES;
				CLANG_WARN_EMPTY_BODY = YES;
				CLANG_WARN_ENUM_CONVERSION = YES;
				CLANG_WARN_INFINITE_RECURSION = YES;
				CLANG_WARN_INT_CONVERSION = YES;
				CLANG_WARN_NON_LITERAL_NULL_CONVERSION = YES;
				CLANG_WARN_OBJC_IMPLICIT_RETAIN_SELF = YES;
				CLANG_WARN_OBJC_LITERAL_CONVERSION = YES;
				CLANG_WARN_OBJC_ROOT_CLASS = YES_ERROR;
				CLANG_WARN_RANGE_LOOP_ANALYSIS = YES;
				CLANG_WARN_STRICT_PROTOTYPES = YES;
				CLANG_WARN_SUSPICIOUS_MOVE = YES;
				CLANG_WARN_UNGUARDED_AVAILABILITY = YES_AGGRESSIVE;
				CLANG_WARN_UNREACHABLE_CODE = YES;
				CLANG_WARN__DUPLICATE_METHOD_MATCH = YES;
				COPY_PHASE_STRIP = NO;
				DEBUG_INFORMATION_FORMAT = "dwarf-with-dsym";
				ENABLE_NS_ASSERTIONS = NO;
				ENABLE_STRICT_OBJC_MSGSEND = YES;
				GCC_C_LANGUAGE_STANDARD = gnu11;
				GCC_NO_COMMON_BLOCKS = YES;
				GCC_WARN_64_TO_32_BIT_CONVERSION = YES;
				GCC_WARN_ABOUT_RETURN_TYPE = YES_ERROR;
				GCC_WARN_UNDECLARED_SELECTOR = YES;
				GCC_WARN_UNINITIALIZED_AUTOS = YES_AGGRESSIVE;
				GCC_WARN_UNUSED_FUNCTION = YES;
				GCC_WARN_UNUSED_VARIABLE = YES;
				IPHONEOS_DEPLOYMENT_TARGET = 13.0;
				MTL_ENABLE_DEBUG_INFO = NO;
				MTL_FAST_MATH = YES;
				SDKROOT = iphoneos;
				SWIFT_COMPILATION_MODE = wholemodule;
				SWIFT_OPTIMIZATION_LEVEL = "-O";
				VALIDATE_PRODUCT = YES;
			};
			name = Release;
		};
		AC173009233E17FC00F9CB03 /* Debug */ = {
			isa = XCBuildConfiguration;
			buildSettings = {
				ASSETCATALOG_COMPILER_APPICON_NAME = AppIcon;
				CODE_SIGN_STYLE = Automatic;
				INFOPLIST_FILE = travelataApp/Info.plist;
				LD_RUNPATH_SEARCH_PATHS = (
					"$(inherited)",
					"@executable_path/Frameworks",
				);
				PRODUCT_BUNDLE_IDENTIFIER = com.calc.test.travelataApp;
				PRODUCT_NAME = "$(TARGET_NAME)";
				SWIFT_VERSION = 5.0;
				TARGETED_DEVICE_FAMILY = "1,2";
			};
			name = Debug;
		};
		AC17300A233E17FC00F9CB03 /* Release */ = {
			isa = XCBuildConfiguration;
			buildSettings = {
				ASSETCATALOG_COMPILER_APPICON_NAME = AppIcon;
				CODE_SIGN_STYLE = Automatic;
				INFOPLIST_FILE = travelataApp/Info.plist;
				LD_RUNPATH_SEARCH_PATHS = (
					"$(inherited)",
					"@executable_path/Frameworks",
				);
				PRODUCT_BUNDLE_IDENTIFIER = com.calc.test.travelataApp;
				PRODUCT_NAME = "$(TARGET_NAME)";
				SWIFT_VERSION = 5.0;
				TARGETED_DEVICE_FAMILY = "1,2";
			};
			name = Release;
		};
/* End XCBuildConfiguration section */

/* Begin XCConfigurationList section */
		AC172FEF233E17FA00F9CB03 /* Build configuration list for PBXProject "travelataApp" */ = {
			isa = XCConfigurationList;
			buildConfigurations = (
				AC173006233E17FC00F9CB03 /* Debug */,
				AC173007233E17FC00F9CB03 /* Release */,
			);
			defaultConfigurationIsVisible = 0;
			defaultConfigurationName = Release;
		};
		AC173008233E17FC00F9CB03 /* Build configuration list for PBXNativeTarget "travelataApp" */ = {
			isa = XCConfigurationList;
			buildConfigurations = (
				AC173009233E17FC00F9CB03 /* Debug */,
				AC17300A233E17FC00F9CB03 /* Release */,
			);
			defaultConfigurationIsVisible = 0;
			defaultConfigurationName = Release;
		};
/* End XCConfigurationList section */
	};
	rootObject = AC172FEC233E17FA00F9CB03 /* Project object */;
}
